// !$*UTF8*$!
{
	archiveVersion = 1;
	classes = {
	};
	objectVersion = 77;
	objects = {

/* Begin PBXBuildFile section */
		6CBD8212EDCEFA8EB4392324 /* SwiftProtobuf in Frameworks */ = {isa = PBXBuildFile; productRef = CBBBB460ECB42CBAFE3FF02D /* SwiftProtobuf */; };
		AC093E9178A94386E6C3A0EA /* Assets.xcassets in Resources */ = {isa = PBXBuildFile; fileRef = 7C97699D6E443850529DE24A /* Assets.xcassets */; };
		C44FEA2770ECFC1FB8D0F771 /* ZapperApp.swift in Sources */ = {isa = PBXBuildFile; fileRef = A9644C3F0202F243EEE30CE0 /* ZapperApp.swift */; };
		EB0EBB7747B827055326BF28 /* ZapperTests.swift in Sources */ = {isa = PBXBuildFile; fileRef = DC847D37FFF88B0210FE0E13 /* ZapperTests.swift */; };
/* End PBXBuildFile section */

/* Begin PBXContainerItemProxy section */
		35C367987BD9354D6E7B70A4 /* PBXContainerItemProxy */ = {
			isa = PBXContainerItemProxy;
			containerPortal = 96AFB009F1E8D868AB46D460 /* Project object */;
			proxyType = 1;
			remoteGlobalIDString = 8598B8332976C9A9CD8D0DF9;
			remoteInfo = Zapper;
		};
/* End PBXContainerItemProxy section */

/* Begin PBXFileReference section */
		0A2FF1FA10733CA4F2A7E67A /* Zapper.app */ = {isa = PBXFileReference; includeInIndex = 0; lastKnownFileType = wrapper.application; path = Zapper.app; sourceTree = BUILT_PRODUCTS_DIR; };
		67C913C7EA4F871D04CD09D4 /* ZapperTests.xctest */ = {isa = PBXFileReference; includeInIndex = 0; lastKnownFileType = wrapper.cfbundle; path = ZapperTests.xctest; sourceTree = BUILT_PRODUCTS_DIR; };
		7C97699D6E443850529DE24A /* Assets.xcassets */ = {isa = PBXFileReference; lastKnownFileType = folder.assetcatalog; path = Assets.xcassets; sourceTree = "<group>"; };
		A3A0EE33057F61A57F2EC35A /* Info.plist */ = {isa = PBXFileReference; lastKnownFileType = text.plist; path = Info.plist; sourceTree = "<group>"; };
		A9644C3F0202F243EEE30CE0 /* ZapperApp.swift */ = {isa = PBXFileReference; lastKnownFileType = sourcecode.swift; path = ZapperApp.swift; sourceTree = "<group>"; };
		DC847D37FFF88B0210FE0E13 /* ZapperTests.swift */ = {isa = PBXFileReference; lastKnownFileType = sourcecode.swift; path = ZapperTests.swift; sourceTree = "<group>"; };
/* End PBXFileReference section */

/* Begin PBXFrameworksBuildPhase section */
		F98121C470BC2EA1D1E32DD4 /* Frameworks */ = {
			isa = PBXFrameworksBuildPhase;
			buildActionMask = 2147483647;
			files = (
				6CBD8212EDCEFA8EB4392324 /* SwiftProtobuf in Frameworks */,
			);
			runOnlyForDeploymentPostprocessing = 0;
		};
/* End PBXFrameworksBuildPhase section */

/* Begin PBXGroup section */
		5F31A9BE422A10519F7E96A5 /* Products */ = {
			isa = PBXGroup;
			children = (
				0A2FF1FA10733CA4F2A7E67A /* Zapper.app */,
				67C913C7EA4F871D04CD09D4 /* ZapperTests.xctest */,
			);
			name = Products;
			sourceTree = "<group>";
		};
		646ABA0927A478885D4B8063 /* ZapperTests */ = {
			isa = PBXGroup;
			children = (
				DC847D37FFF88B0210FE0E13 /* ZapperTests.swift */,
			);
			path = ZapperTests;
			sourceTree = "<group>";
		};
		74677E6CA08218901ABF2BF9 = {
			isa = PBXGroup;
			children = (
				E4C5BD0BEB10EBE48059B051 /* Zapper */,
				646ABA0927A478885D4B8063 /* ZapperTests */,
				5F31A9BE422A10519F7E96A5 /* Products */,
			);
			sourceTree = "<group>";
		};
		E4C5BD0BEB10EBE48059B051 /* Zapper */ = {
			isa = PBXGroup;
			children = (
				7C97699D6E443850529DE24A /* Assets.xcassets */,
				A3A0EE33057F61A57F2EC35A /* Info.plist */,
				A9644C3F0202F243EEE30CE0 /* ZapperApp.swift */,
			);
			path = Zapper;
			sourceTree = "<group>";
		};
/* End PBXGroup section */

/* Begin PBXNativeTarget section */
		8598B8332976C9A9CD8D0DF9 /* Zapper */ = {
			isa = PBXNativeTarget;
			buildConfigurationList = DF3D52909834F98C918E5D64 /* Build configuration list for PBXNativeTarget "Zapper" */;
			buildPhases = (
				2ED9C0F8D8F84CC1A44A9FBF /* Sources */,
				08349CDF2297A062B74E6414 /* Resources */,
				F98121C470BC2EA1D1E32DD4 /* Frameworks */,
			);
			buildRules = (
			);
			dependencies = (
			);
			name = Zapper;
			packageProductDependencies = (
				CBBBB460ECB42CBAFE3FF02D /* SwiftProtobuf */,
			);
			productName = Zapper;
			productReference = 0A2FF1FA10733CA4F2A7E67A /* Zapper.app */;
			productType = "com.apple.product-type.application";
		};
		EFF38C0A319002739DF44BB0 /* ZapperTests */ = {
			isa = PBXNativeTarget;
			buildConfigurationList = 4D265A99E7CCA8F4AC4D0386 /* Build configuration list for PBXNativeTarget "ZapperTests" */;
			buildPhases = (
				B14E254AB3A7289C77DC7746 /* Sources */,
			);
			buildRules = (
			);
			dependencies = (
				4EA58439F1203EE84468D1AA /* PBXTargetDependency */,
			);
			name = ZapperTests;
			packageProductDependencies = (
			);
			productName = ZapperTests;
			productReference = 67C913C7EA4F871D04CD09D4 /* ZapperTests.xctest */;
			productType = "com.apple.product-type.bundle.unit-test";
		};
/* End PBXNativeTarget section */

/* Begin PBXProject section */
		96AFB009F1E8D868AB46D460 /* Project object */ = {
			isa = PBXProject;
			attributes = {
				BuildIndependentTargetsInParallel = YES;
				LastUpgradeCheck = 1430;
			};
			buildConfigurationList = 86B2B7055F639B678F17FCB9 /* Build configuration list for PBXProject "Zapper" */;
			compatibilityVersion = "Xcode 14.0";
			developmentRegion = en;
			hasScannedForEncodings = 0;
			knownRegions = (
				Base,
				en,
			);
			mainGroup = 74677E6CA08218901ABF2BF9;
			minimizedProjectReferenceProxies = 1;
			packageReferences = (
				BDEA8AE2240EB65317FFC440 /* XCRemoteSwiftPackageReference "swift-protobuf" */,
			);
			preferredProjectObjectVersion = 77;
			projectDirPath = "";
			projectRoot = "";
			targets = (
				8598B8332976C9A9CD8D0DF9 /* Zapper */,
				EFF38C0A319002739DF44BB0 /* ZapperTests */,
			);
		};
/* End PBXProject section */

/* Begin PBXResourcesBuildPhase section */
		08349CDF2297A062B74E6414 /* Resources */ = {
			isa = PBXResourcesBuildPhase;
			buildActionMask = 2147483647;
			files = (
				AC093E9178A94386E6C3A0EA /* Assets.xcassets in Resources */,
			);
			runOnlyForDeploymentPostprocessing = 0;
		};
/* End PBXResourcesBuildPhase section */

/* Begin PBXSourcesBuildPhase section */
		2ED9C0F8D8F84CC1A44A9FBF /* Sources */ = {
			isa = PBXSourcesBuildPhase;
			buildActionMask = 2147483647;
			files = (
				C44FEA2770ECFC1FB8D0F771 /* ZapperApp.swift in Sources */,
			);
			runOnlyForDeploymentPostprocessing = 0;
		};
		B14E254AB3A7289C77DC7746 /* Sources */ = {
			isa = PBXSourcesBuildPhase;
			buildActionMask = 2147483647;
			files = (
				EB0EBB7747B827055326BF28 /* ZapperTests.swift in Sources */,
			);
			runOnlyForDeploymentPostprocessing = 0;
		};
/* End PBXSourcesBuildPhase section */

/* Begin PBXTargetDependency section */
		4EA58439F1203EE84468D1AA /* PBXTargetDependency */ = {
			isa = PBXTargetDependency;
			target = 8598B8332976C9A9CD8D0DF9 /* Zapper */;
			targetProxy = 35C367987BD9354D6E7B70A4 /* PBXContainerItemProxy */;
		};
/* End PBXTargetDependency section */

/* Begin XCBuildConfiguration section */
		01EBA3A334701D564D91FE2C /* Debug */ = {
			isa = XCBuildConfiguration;
			buildSettings = {
				ALWAYS_SEARCH_USER_PATHS = NO;
				CLANG_ANALYZER_NONNULL = YES;
				CLANG_ANALYZER_NUMBER_OBJECT_CONVERSION = YES_AGGRESSIVE;
				CLANG_CXX_LANGUAGE_STANDARD = "gnu++14";
				CLANG_CXX_LIBRARY = "libc++";
				CLANG_ENABLE_MODULES = YES;
				CLANG_ENABLE_OBJC_ARC = YES;
				CLANG_ENABLE_OBJC_WEAK = YES;
				CLANG_WARN_BLOCK_CAPTURE_AUTORELEASING = YES;
				CLANG_WARN_BOOL_CONVERSION = YES;
				CLANG_WARN_COMMA = YES;
				CLANG_WARN_CONSTANT_CONVERSION = YES;
				CLANG_WARN_DEPRECATED_OBJC_IMPLEMENTATIONS = YES;
				CLANG_WARN_DIRECT_OBJC_ISA_USAGE = YES_ERROR;
				CLANG_WARN_DOCUMENTATION_COMMENTS = YES;
				CLANG_WARN_EMPTY_BODY = YES;
				CLANG_WARN_ENUM_CONVERSION = YES;
				CLANG_WARN_INFINITE_RECURSION = YES;
				CLANG_WARN_INT_CONVERSION = YES;
				CLANG_WARN_NON_LITERAL_NULL_CONVERSION = YES;
				CLANG_WARN_OBJC_IMPLICIT_RETAIN_SELF = YES;
				CLANG_WARN_OBJC_LITERAL_CONVERSION = YES;
				CLANG_WARN_OBJC_ROOT_CLASS = YES_ERROR;
				CLANG_WARN_QUOTED_INCLUDE_IN_FRAMEWORK_HEADER = YES;
				CLANG_WARN_RANGE_LOOP_ANALYSIS = YES;
				CLANG_WARN_STRICT_PROTOTYPES = YES;
				CLANG_WARN_SUSPICIOUS_MOVE = YES;
				CLANG_WARN_UNGUARDED_AVAILABILITY = YES_AGGRESSIVE;
				CLANG_WARN_UNREACHABLE_CODE = YES;
				CLANG_WARN__DUPLICATE_METHOD_MATCH = YES;
				COPY_PHASE_STRIP = NO;
				DEBUG_INFORMATION_FORMAT = dwarf;
				ENABLE_STRICT_OBJC_MSGSEND = YES;
				ENABLE_TESTABILITY = YES;
				GCC_C_LANGUAGE_STANDARD = gnu11;
				GCC_DYNAMIC_NO_PIC = NO;
				GCC_NO_COMMON_BLOCKS = YES;
				GCC_OPTIMIZATION_LEVEL = 0;
				GCC_PREPROCESSOR_DEFINITIONS = (
					"$(inherited)",
					"DEBUG=1",
				);
				GCC_WARN_64_TO_32_BIT_CONVERSION = YES;
				GCC_WARN_ABOUT_RETURN_TYPE = YES_ERROR;
				GCC_WARN_UNDECLARED_SELECTOR = YES;
				GCC_WARN_UNINITIALIZED_AUTOS = YES_AGGRESSIVE;
				GCC_WARN_UNUSED_FUNCTION = YES;
				GCC_WARN_UNUSED_VARIABLE = YES;
				IPHONEOS_DEPLOYMENT_TARGET = 17.0;
				MTL_ENABLE_DEBUG_INFO = INCLUDE_SOURCE;
				MTL_FAST_MATH = YES;
				ONLY_ACTIVE_ARCH = YES;
				PRODUCT_NAME = "$(TARGET_NAME)";
				SDKROOT = iphoneos;
				SWIFT_ACTIVE_COMPILATION_CONDITIONS = DEBUG;
				SWIFT_OPTIMIZATION_LEVEL = "-Onone";
				SWIFT_VERSION = 5.0;
			};
			name = Debug;
		};
		12118790C6FFFA06A6127EDA /* Release */ = {
			isa = XCBuildConfiguration;
			buildSettings = {
				ALWAYS_SEARCH_USER_PATHS = NO;
				CLANG_ANALYZER_NONNULL = YES;
				CLANG_ANALYZER_NUMBER_OBJECT_CONVERSION = YES_AGGRESSIVE;
				CLANG_CXX_LANGUAGE_STANDARD = "gnu++14";
				CLANG_CXX_LIBRARY = "libc++";
				CLANG_ENABLE_MODULES = YES;
				CLANG_ENABLE_OBJC_ARC = YES;
				CLANG_ENABLE_OBJC_WEAK = YES;
				CLANG_WARN_BLOCK_CAPTURE_AUTORELEASING = YES;
				CLANG_WARN_BOOL_CONVERSION = YES;
				CLANG_WARN_COMMA = YES;
				CLANG_WARN_CONSTANT_CONVERSION = YES;
				CLANG_WARN_DEPRECATED_OBJC_IMPLEMENTATIONS = YES;
				CLANG_WARN_DIRECT_OBJC_ISA_USAGE = YES_ERROR;
				CLANG_WARN_DOCUMENTATION_COMMENTS = YES;
				CLANG_WARN_EMPTY_BODY = YES;
				CLANG_WARN_ENUM_CONVERSION = YES;
				CLANG_WARN_INFINITE_RECURSION = YES;
				CLANG_WARN_INT_CONVERSION = YES;
				CLANG_WARN_NON_LITERAL_NULL_CONVERSION = YES;
				CLANG_WARN_OBJC_IMPLICIT_RETAIN_SELF = YES;
				CLANG_WARN_OBJC_LITERAL_CONVERSION = YES;
				CLANG_WARN_OBJC_ROOT_CLASS = YES_ERROR;
				CLANG_WARN_QUOTED_INCLUDE_IN_FRAMEWORK_HEADER = YES;
				CLANG_WARN_RANGE_LOOP_ANALYSIS = YES;
				CLANG_WARN_STRICT_PROTOTYPES = YES;
				CLANG_WARN_SUSPICIOUS_MOVE = YES;
				CLANG_WARN_UNGUARDED_AVAILABILITY = YES_AGGRESSIVE;
				CLANG_WARN_UNREACHABLE_CODE = YES;
				CLANG_WARN__DUPLICATE_METHOD_MATCH = YES;
				COPY_PHASE_STRIP = NO;
				DEBUG_INFORMATION_FORMAT = "dwarf-with-dsym";
				ENABLE_NS_ASSERTIONS = NO;
				ENABLE_STRICT_OBJC_MSGSEND = YES;
				GCC_C_LANGUAGE_STANDARD = gnu11;
				GCC_NO_COMMON_BLOCKS = YES;
				GCC_WARN_64_TO_32_BIT_CONVERSION = YES;
				GCC_WARN_ABOUT_RETURN_TYPE = YES_ERROR;
				GCC_WARN_UNDECLARED_SELECTOR = YES;
				GCC_WARN_UNINITIALIZED_AUTOS = YES_AGGRESSIVE;
				GCC_WARN_UNUSED_FUNCTION = YES;
				GCC_WARN_UNUSED_VARIABLE = YES;
				IPHONEOS_DEPLOYMENT_TARGET = 17.0;
				MTL_ENABLE_DEBUG_INFO = NO;
				MTL_FAST_MATH = YES;
				PRODUCT_NAME = "$(TARGET_NAME)";
				SDKROOT = iphoneos;
				SWIFT_COMPILATION_MODE = wholemodule;
				SWIFT_OPTIMIZATION_LEVEL = "-O";
				SWIFT_VERSION = 5.0;
			};
			name = Release;
		};
		12238360A153CF6975BFBBF7 /* Release */ = {
			isa = XCBuildConfiguration;
			buildSettings = {
				ASSETCATALOG_COMPILER_APPICON_NAME = AppIcon;
				CODE_SIGN_IDENTITY = "iPhone Developer";
				INFOPLIST_FILE = Zapper/Info.plist;
				IPHONEOS_DEPLOYMENT_TARGET = 17.0;
				LD_RUNPATH_SEARCH_PATHS = (
					"$(inherited)",
					"@executable_path/Frameworks",
				);
				PRODUCT_BUNDLE_IDENTIFIER = com.zapper.remote;
				SDKROOT = iphoneos;
				SWIFT_VERSION = 6.0;
				TARGETED_DEVICE_FAMILY = "1,2";
			};
			name = Release;
		};
		6281AE97F633D82FD1B290A2 /* Debug */ = {
			isa = XCBuildConfiguration;
			buildSettings = {
				BUNDLE_LOADER = "$(TEST_HOST)";
				IPHONEOS_DEPLOYMENT_TARGET = 17.0;
				LD_RUNPATH_SEARCH_PATHS = (
					"$(inherited)",
					"@executable_path/Frameworks",
					"@loader_path/Frameworks",
				);
				PRODUCT_BUNDLE_IDENTIFIER = com.zapper.ZapperTests;
				SDKROOT = iphoneos;
				SWIFT_VERSION = 6.0;
				TARGETED_DEVICE_FAMILY = "1,2";
				TEST_HOST = "$(BUILT_PRODUCTS_DIR)/Zapper.app/Zapper";
			};
			name = Debug;
		};
		736EB89F1DA6DEC069D5BBCC /* Release */ = {
			isa = XCBuildConfiguration;
			buildSettings = {
				BUNDLE_LOADER = "$(TEST_HOST)";
				IPHONEOS_DEPLOYMENT_TARGET = 17.0;
				LD_RUNPATH_SEARCH_PATHS = (
					"$(inherited)",
					"@executable_path/Frameworks",
					"@loader_path/Frameworks",
				);
				PRODUCT_BUNDLE_IDENTIFIER = com.zapper.ZapperTests;
				SDKROOT = iphoneos;
				SWIFT_VERSION = 6.0;
				TARGETED_DEVICE_FAMILY = "1,2";
				TEST_HOST = "$(BUILT_PRODUCTS_DIR)/Zapper.app/Zapper";
			};
			name = Release;
		};
		AB4480B4BE1BC4248ABBBDBB /* Debug */ = {
			isa = XCBuildConfiguration;
			buildSettings = {
				ASSETCATALOG_COMPILER_APPICON_NAME = AppIcon;
				CODE_SIGN_IDENTITY = "iPhone Developer";
				INFOPLIST_FILE = Zapper/Info.plist;
				IPHONEOS_DEPLOYMENT_TARGET = 17.0;
				LD_RUNPATH_SEARCH_PATHS = (
					"$(inherited)",
					"@executable_path/Frameworks",
				);
				PRODUCT_BUNDLE_IDENTIFIER = com.zapper.remote;
				SDKROOT = iphoneos;
				SWIFT_VERSION = 6.0;
				TARGETED_DEVICE_FAMILY = "1,2";
			};
			name = Debug;
		};
/* End XCBuildConfiguration section */

/* Begin XCConfigurationList section */
		4D265A99E7CCA8F4AC4D0386 /* Build configuration list for PBXNativeTarget "ZapperTests" */ = {
			isa = XCConfigurationList;
			buildConfigurations = (
				6281AE97F633D82FD1B290A2 /* Debug */,
				736EB89F1DA6DEC069D5BBCC /* Release */,
			);
			defaultConfigurationIsVisible = 0;
			defaultConfigurationName = Debug;
		};
		86B2B7055F639B678F17FCB9 /* Build configuration list for PBXProject "Zapper" */ = {
			isa = XCConfigurationList;
			buildConfigurations = (
				01EBA3A334701D564D91FE2C /* Debug */,
				12118790C6FFFA06A6127EDA /* Release */,
			);
			defaultConfigurationIsVisible = 0;
			defaultConfigurationName = Debug;
		};
		DF3D52909834F98C918E5D64 /* Build configuration list for PBXNativeTarget "Zapper" */ = {
			isa = XCConfigurationList;
			buildConfigurations = (
				AB4480B4BE1BC4248ABBBDBB /* Debug */,
				12238360A153CF6975BFBBF7 /* Release */,
			);
			defaultConfigurationIsVisible = 0;
			defaultConfigurationName = Debug;
		};
/* End XCConfigurationList section */

/* Begin XCRemoteSwiftPackageReference section */
		BDEA8AE2240EB65317FFC440 /* XCRemoteSwiftPackageReference "swift-protobuf" */ = {
			isa = XCRemoteSwiftPackageReference;
			repositoryURL = "https://github.com/apple/swift-protobuf.git";
			requirement = {
				kind = upToNextMajorVersion;
				minimumVersion = 1.28.0;
			};
		};
/* End XCRemoteSwiftPackageReference section */

/* Begin XCSwiftPackageProductDependency section */
		CBBBB460ECB42CBAFE3FF02D /* SwiftProtobuf */ = {
			isa = XCSwiftPackageProductDependency;
			package = BDEA8AE2240EB65317FFC440 /* XCRemoteSwiftPackageReference "swift-protobuf" */;
			productName = SwiftProtobuf;
		};
/* End XCSwiftPackageProductDependency section */
	};
	rootObject = 96AFB009F1E8D868AB46D460 /* Project object */;
}
