// !$*UTF8*$!
{
	archiveVersion = 1;
	classes = {
	};
	objectVersion = 77;
	objects = {

/* Begin PBXBuildFile section */
		081DA67CFEDF4260B0C18434 /* TVDeviceTests.swift in Sources */ = {isa = PBXBuildFile; fileRef = CE960B4B80C313E49C366DA5 /* TVDeviceTests.swift */; };
		12820F47CB79012A3975623B /* GlassModifiers.swift in Sources */ = {isa = PBXBuildFile; fileRef = F121769F1652DB6385EFE3FC /* GlassModifiers.swift */; };
		2817C0CCE6EF55980D7E210E /* DiscoveryServiceTests.swift in Sources */ = {isa = PBXBuildFile; fileRef = 3461B3C21570DD68D7E919F1 /* DiscoveryServiceTests.swift */; };
		28557D6337D05266601ECD3C /* KeychainServiceTests.swift in Sources */ = {isa = PBXBuildFile; fileRef = 1AE0DCC14DF48200A1C27AFE /* KeychainServiceTests.swift */; };
		38410B0B2C17A1250DCE1A4B /* RemoteMessages.swift in Sources */ = {isa = PBXBuildFile; fileRef = 758D5C2A1B120202C7D6EECA /* RemoteMessages.swift */; };
		3A45094303790D7EE8436E7B /* TVCommand.swift in Sources */ = {isa = PBXBuildFile; fileRef = F6100DA4D61043C5E36A372A /* TVCommand.swift */; };
		3C2442726A6DA580078AA13E /* BottomNavBar.swift in Sources */ = {isa = PBXBuildFile; fileRef = BB85CEB8D17D94352822567B /* BottomNavBar.swift */; };
		40BB35F1935A8C786F7B336C /* AndroidTVMessageHandler.swift in Sources */ = {isa = PBXBuildFile; fileRef = 4103B5B05452CE49DABE1F97 /* AndroidTVMessageHandler.swift */; };
		440259390B93D5B052978A18 /* AppRouter.swift in Sources */ = {isa = PBXBuildFile; fileRef = 48C629E2DFDF3D29E7AC34E9 /* AppRouter.swift */; };
		491AD4FD09A5F3CE5794C702 /* TouchpadView.swift in Sources */ = {isa = PBXBuildFile; fileRef = 3F9B7C5EC1D9A23E83BDEAE5 /* TouchpadView.swift */; };
		50EB05037FBA1C79434079DC /* TVProtocol.swift in Sources */ = {isa = PBXBuildFile; fileRef = 60AB6CC9B043D0EF8D5278E4 /* TVProtocol.swift */; };
		529192083A12364ADDEF9093 /* HapticEngine.swift in Sources */ = {isa = PBXBuildFile; fileRef = B70FC4905615A8F3BBF63CD7 /* HapticEngine.swift */; };
		5600386B1230AE0EBE1C8621 /* KeychainService.swift in Sources */ = {isa = PBXBuildFile; fileRef = F055B97804A2E6E790963B15 /* KeychainService.swift */; };
		58563F4EA9756ECEDA5C36CE /* MediaModeView.swift in Sources */ = {isa = PBXBuildFile; fileRef = A3536A01E7995EB25649F368 /* MediaModeView.swift */; };
		58F9244BED29285B2A9B8D63 /* TVCommandTests.swift in Sources */ = {isa = PBXBuildFile; fileRef = 8AEB71120CA2FDBAAC10D763 /* TVCommandTests.swift */; };
		5F94AE5DD74B720275F29801 /* AndroidTVDriver.swift in Sources */ = {isa = PBXBuildFile; fileRef = FD4316FA85CF813B7626401E /* AndroidTVDriver.swift */; };
		64C7163FA79337561EB640E4 /* TVApp.swift in Sources */ = {isa = PBXBuildFile; fileRef = 3725BD8516863CCFBD3B8410 /* TVApp.swift */; };
		66D187207ACDCC84A4A37635 /* AndroidTVPairing.swift in Sources */ = {isa = PBXBuildFile; fileRef = CA8A3EA9C364B296621E3A55 /* AndroidTVPairing.swift */; };
		6CBD8212EDCEFA8EB4392324 /* SwiftProtobuf in Frameworks */ = {isa = PBXBuildFile; productRef = CBBBB460ECB42CBAFE3FF02D /* SwiftProtobuf */; };
		771374E96B4056F2B5955041 /* RemoteViewModelTests.swift in Sources */ = {isa = PBXBuildFile; fileRef = B7AC9E2038773B10BA124481 /* RemoteViewModelTests.swift */; };
		7D6934A6C12B076621603213 /* TVState.swift in Sources */ = {isa = PBXBuildFile; fileRef = F2A8BDFF42E80EED33112B2C /* TVState.swift */; };
		7DE04BF42D88A9EC130E4320 /* KeyboardModeView.swift in Sources */ = {isa = PBXBuildFile; fileRef = 2B5D6A9DE88E859425278CE7 /* KeyboardModeView.swift */; };
		803F11FB615FFE43239FCA55 /* TVStateTests.swift in Sources */ = {isa = PBXBuildFile; fileRef = 35B0E2B058BD673B60D4CE15 /* TVStateTests.swift */; };
		806693A45741690B81F4006A /* PairingView.swift in Sources */ = {isa = PBXBuildFile; fileRef = 58B4EFE9A7DF921F8BA40127 /* PairingView.swift */; };
		81C0D86F76F7EF177CFFE33B /* NavigationModeView.swift in Sources */ = {isa = PBXBuildFile; fileRef = F1A79690D2B92CD9A8081152 /* NavigationModeView.swift */; };
		84EE7FE2F336CE2A452B6FEE /* AndroidTVConnection.swift in Sources */ = {isa = PBXBuildFile; fileRef = 249EBA9F82160F528E3F48E6 /* AndroidTVConnection.swift */; };
		851A9BF69BDE0F57E199C527 /* DiscoveryService.swift in Sources */ = {isa = PBXBuildFile; fileRef = 39F5B148824CF8EA1D926A2F /* DiscoveryService.swift */; };
		86CAC0017F1FB694B731C0C6 /* AndroidTVMessageHandlerTests.swift in Sources */ = {isa = PBXBuildFile; fileRef = DDA1F1465FFF68FF6FAD405C /* AndroidTVMessageHandlerTests.swift */; };
		87B15C556DEEC19B62653335 /* VolumeSlider.swift in Sources */ = {isa = PBXBuildFile; fileRef = B3CCA1FE458E6D42921B8194 /* VolumeSlider.swift */; };
		8F5FDA7AE651D76D92F2002F /* RemoteView.swift in Sources */ = {isa = PBXBuildFile; fileRef = BE82D242986CD94E1D58A7B5 /* RemoteView.swift */; };
		9555A074B4854C9653738E9D /* AndroidTVDriverTests.swift in Sources */ = {isa = PBXBuildFile; fileRef = 19DF04E9EC0211CA8F4FC2D0 /* AndroidTVDriverTests.swift */; };
		98A5003497D275C6EF1E9EE6 /* MediaInfo.swift in Sources */ = {isa = PBXBuildFile; fileRef = 2801E2C13CDDE235F8F45A36 /* MediaInfo.swift */; };
		A3E0EC2A500C31877DC983C6 /* DiscoveryViewModelTests.swift in Sources */ = {isa = PBXBuildFile; fileRef = 112F95697F00099C5DFD19EA /* DiscoveryViewModelTests.swift */; };
		A583FEE63BFE6C3D732FF395 /* AppState.swift in Sources */ = {isa = PBXBuildFile; fileRef = C1CC0124C37C8E328C4FA696 /* AppState.swift */; };
		A651FCB5788C6EC2CBA25EDE /* ZapperTheme.swift in Sources */ = {isa = PBXBuildFile; fileRef = 90E7FC598D93864C8C22EE85 /* ZapperTheme.swift */; };
		AC093E9178A94386E6C3A0EA /* Assets.xcassets in Resources */ = {isa = PBXBuildFile; fileRef = 7C97699D6E443850529DE24A /* Assets.xcassets */; };
		B63F5233ED44FF392CAB0143 /* DeviceManagerView.swift in Sources */ = {isa = PBXBuildFile; fileRef = 3B285B570CD7D32FA7B43886 /* DeviceManagerView.swift */; };
		B671FECC3E8CC3D9B84E560D /* TVDevice.swift in Sources */ = {isa = PBXBuildFile; fileRef = 6C564196DB8B99B694E98C5D /* TVDevice.swift */; };
		BA145330660EDB7599BE1D26 /* RemoteViewModel.swift in Sources */ = {isa = PBXBuildFile; fileRef = 0D4FEE7A32DA11AE61A5C684 /* RemoteViewModel.swift */; };
		BF6EF181326895607E419D89 /* DiscoveryView.swift in Sources */ = {isa = PBXBuildFile; fileRef = 77BC8D28A1F6FEB3C56391D2 /* DiscoveryView.swift */; };
		C44FEA2770ECFC1FB8D0F771 /* ZapperApp.swift in Sources */ = {isa = PBXBuildFile; fileRef = A9644C3F0202F243EEE30CE0 /* ZapperApp.swift */; };
		CFF562BC38598C1AE6E121AD /* ConnectionManager.swift in Sources */ = {isa = PBXBuildFile; fileRef = C5977752A74D3BAC9419D203 /* ConnectionManager.swift */; };
		D12B253F8237BD76D099F134 /* AppLauncherView.swift in Sources */ = {isa = PBXBuildFile; fileRef = 3457CD690FF275A015A547A2 /* AppLauncherView.swift */; };
		E1EEEBF1A77C5ABD0B0235C4 /* DiscoveryViewModel.swift in Sources */ = {isa = PBXBuildFile; fileRef = 60717935DB796EEDD1C70FEA /* DiscoveryViewModel.swift */; };
		E2D12A8F9FB05C5703E3748F /* DependencyContainer.swift in Sources */ = {isa = PBXBuildFile; fileRef = 8A1C5EA963BF5CB1E22EADA2 /* DependencyContainer.swift */; };
		EA5A206373647C24D71CB2FC /* ModeIndicator.swift in Sources */ = {isa = PBXBuildFile; fileRef = CBE6BF9D4B5E078FAD20F86F /* ModeIndicator.swift */; };
		EB0EBB7747B827055326BF28 /* ZapperTests.swift in Sources */ = {isa = PBXBuildFile; fileRef = DC847D37FFF88B0210FE0E13 /* ZapperTests.swift */; };
		EDE78F986C67A390D05BE9A7 /* DeviceCard.swift in Sources */ = {isa = PBXBuildFile; fileRef = CDE9102019509B6E55C3D895 /* DeviceCard.swift */; };
		EDF4F5E93F2EF9D2E4B665AF /* ConnectionManagerTests.swift in Sources */ = {isa = PBXBuildFile; fileRef = 0B430D431FD8CE6859C3C1EA /* ConnectionManagerTests.swift */; };
/* End PBXBuildFile section */

/* Begin PBXContainerItemProxy section */
		35C367987BD9354D6E7B70A4 /* PBXContainerItemProxy */ = {
			isa = PBXContainerItemProxy;
			containerPortal = 96AFB009F1E8D868AB46D460 /* Project object */;
			proxyType = 1;
			remoteGlobalIDString = 8598B8332976C9A9CD8D0DF9;
			remoteInfo = Zapper;
		};
/* End PBXContainerItemProxy section */

/* Begin PBXFileReference section */
		0A2FF1FA10733CA4F2A7E67A /* Zapper.app */ = {isa = PBXFileReference; includeInIndex = 0; lastKnownFileType = wrapper.application; path = Zapper.app; sourceTree = BUILT_PRODUCTS_DIR; };
		0B430D431FD8CE6859C3C1EA /* ConnectionManagerTests.swift */ = {isa = PBXFileReference; lastKnownFileType = sourcecode.swift; path = ConnectionManagerTests.swift; sourceTree = "<group>"; };
		0D4FEE7A32DA11AE61A5C684 /* RemoteViewModel.swift */ = {isa = PBXFileReference; lastKnownFileType = sourcecode.swift; path = RemoteViewModel.swift; sourceTree = "<group>"; };
		112F95697F00099C5DFD19EA /* DiscoveryViewModelTests.swift */ = {isa = PBXFileReference; lastKnownFileType = sourcecode.swift; path = DiscoveryViewModelTests.swift; sourceTree = "<group>"; };
		19DF04E9EC0211CA8F4FC2D0 /* AndroidTVDriverTests.swift */ = {isa = PBXFileReference; lastKnownFileType = sourcecode.swift; path = AndroidTVDriverTests.swift; sourceTree = "<group>"; };
		1AE0DCC14DF48200A1C27AFE /* KeychainServiceTests.swift */ = {isa = PBXFileReference; lastKnownFileType = sourcecode.swift; path = KeychainServiceTests.swift; sourceTree = "<group>"; };
		249EBA9F82160F528E3F48E6 /* AndroidTVConnection.swift */ = {isa = PBXFileReference; lastKnownFileType = sourcecode.swift; path = AndroidTVConnection.swift; sourceTree = "<group>"; };
		2801E2C13CDDE235F8F45A36 /* MediaInfo.swift */ = {isa = PBXFileReference; lastKnownFileType = sourcecode.swift; path = MediaInfo.swift; sourceTree = "<group>"; };
		2B5D6A9DE88E859425278CE7 /* KeyboardModeView.swift */ = {isa = PBXFileReference; lastKnownFileType = sourcecode.swift; path = KeyboardModeView.swift; sourceTree = "<group>"; };
		3457CD690FF275A015A547A2 /* AppLauncherView.swift */ = {isa = PBXFileReference; lastKnownFileType = sourcecode.swift; path = AppLauncherView.swift; sourceTree = "<group>"; };
		3461B3C21570DD68D7E919F1 /* DiscoveryServiceTests.swift */ = {isa = PBXFileReference; lastKnownFileType = sourcecode.swift; path = DiscoveryServiceTests.swift; sourceTree = "<group>"; };
		35B0E2B058BD673B60D4CE15 /* TVStateTests.swift */ = {isa = PBXFileReference; lastKnownFileType = sourcecode.swift; path = TVStateTests.swift; sourceTree = "<group>"; };
		3725BD8516863CCFBD3B8410 /* TVApp.swift */ = {isa = PBXFileReference; lastKnownFileType = sourcecode.swift; path = TVApp.swift; sourceTree = "<group>"; };
		39F5B148824CF8EA1D926A2F /* DiscoveryService.swift */ = {isa = PBXFileReference; lastKnownFileType = sourcecode.swift; path = DiscoveryService.swift; sourceTree = "<group>"; };
		3B285B570CD7D32FA7B43886 /* DeviceManagerView.swift */ = {isa = PBXFileReference; lastKnownFileType = sourcecode.swift; path = DeviceManagerView.swift; sourceTree = "<group>"; };
		3F9B7C5EC1D9A23E83BDEAE5 /* TouchpadView.swift */ = {isa = PBXFileReference; lastKnownFileType = sourcecode.swift; path = TouchpadView.swift; sourceTree = "<group>"; };
		4103B5B05452CE49DABE1F97 /* AndroidTVMessageHandler.swift */ = {isa = PBXFileReference; lastKnownFileType = sourcecode.swift; path = AndroidTVMessageHandler.swift; sourceTree = "<group>"; };
		48C629E2DFDF3D29E7AC34E9 /* AppRouter.swift */ = {isa = PBXFileReference; lastKnownFileType = sourcecode.swift; path = AppRouter.swift; sourceTree = "<group>"; };
		58B4EFE9A7DF921F8BA40127 /* PairingView.swift */ = {isa = PBXFileReference; lastKnownFileType = sourcecode.swift; path = PairingView.swift; sourceTree = "<group>"; };
		60717935DB796EEDD1C70FEA /* DiscoveryViewModel.swift */ = {isa = PBXFileReference; lastKnownFileType = sourcecode.swift; path = DiscoveryViewModel.swift; sourceTree = "<group>"; };
		60AB6CC9B043D0EF8D5278E4 /* TVProtocol.swift */ = {isa = PBXFileReference; lastKnownFileType = sourcecode.swift; path = TVProtocol.swift; sourceTree = "<group>"; };
		67C913C7EA4F871D04CD09D4 /* ZapperTests.xctest */ = {isa = PBXFileReference; includeInIndex = 0; lastKnownFileType = wrapper.cfbundle; path = ZapperTests.xctest; sourceTree = BUILT_PRODUCTS_DIR; };
		6C564196DB8B99B694E98C5D /* TVDevice.swift */ = {isa = PBXFileReference; lastKnownFileType = sourcecode.swift; path = TVDevice.swift; sourceTree = "<group>"; };
		758D5C2A1B120202C7D6EECA /* RemoteMessages.swift */ = {isa = PBXFileReference; lastKnownFileType = sourcecode.swift; path = RemoteMessages.swift; sourceTree = "<group>"; };
		77BC8D28A1F6FEB3C56391D2 /* DiscoveryView.swift */ = {isa = PBXFileReference; lastKnownFileType = sourcecode.swift; path = DiscoveryView.swift; sourceTree = "<group>"; };
		7C97699D6E443850529DE24A /* Assets.xcassets */ = {isa = PBXFileReference; lastKnownFileType = folder.assetcatalog; path = Assets.xcassets; sourceTree = "<group>"; };
		8A1C5EA963BF5CB1E22EADA2 /* DependencyContainer.swift */ = {isa = PBXFileReference; lastKnownFileType = sourcecode.swift; path = DependencyContainer.swift; sourceTree = "<group>"; };
		8AEB71120CA2FDBAAC10D763 /* TVCommandTests.swift */ = {isa = PBXFileReference; lastKnownFileType = sourcecode.swift; path = TVCommandTests.swift; sourceTree = "<group>"; };
		90E7FC598D93864C8C22EE85 /* ZapperTheme.swift */ = {isa = PBXFileReference; lastKnownFileType = sourcecode.swift; path = ZapperTheme.swift; sourceTree = "<group>"; };
		A3536A01E7995EB25649F368 /* MediaModeView.swift */ = {isa = PBXFileReference; lastKnownFileType = sourcecode.swift; path = MediaModeView.swift; sourceTree = "<group>"; };
		A3A0EE33057F61A57F2EC35A /* Info.plist */ = {isa = PBXFileReference; lastKnownFileType = text.plist; path = Info.plist; sourceTree = "<group>"; };
		A9644C3F0202F243EEE30CE0 /* ZapperApp.swift */ = {isa = PBXFileReference; lastKnownFileType = sourcecode.swift; path = ZapperApp.swift; sourceTree = "<group>"; };
		B3CCA1FE458E6D42921B8194 /* VolumeSlider.swift */ = {isa = PBXFileReference; lastKnownFileType = sourcecode.swift; path = VolumeSlider.swift; sourceTree = "<group>"; };
		B70FC4905615A8F3BBF63CD7 /* HapticEngine.swift */ = {isa = PBXFileReference; lastKnownFileType = sourcecode.swift; path = HapticEngine.swift; sourceTree = "<group>"; };
		B7AC9E2038773B10BA124481 /* RemoteViewModelTests.swift */ = {isa = PBXFileReference; lastKnownFileType = sourcecode.swift; path = RemoteViewModelTests.swift; sourceTree = "<group>"; };
		BB85CEB8D17D94352822567B /* BottomNavBar.swift */ = {isa = PBXFileReference; lastKnownFileType = sourcecode.swift; path = BottomNavBar.swift; sourceTree = "<group>"; };
		BE82D242986CD94E1D58A7B5 /* RemoteView.swift */ = {isa = PBXFileReference; lastKnownFileType = sourcecode.swift; path = RemoteView.swift; sourceTree = "<group>"; };
		C1CC0124C37C8E328C4FA696 /* AppState.swift */ = {isa = PBXFileReference; lastKnownFileType = sourcecode.swift; path = AppState.swift; sourceTree = "<group>"; };
		C5977752A74D3BAC9419D203 /* ConnectionManager.swift */ = {isa = PBXFileReference; lastKnownFileType = sourcecode.swift; path = ConnectionManager.swift; sourceTree = "<group>"; };
		CA8A3EA9C364B296621E3A55 /* AndroidTVPairing.swift */ = {isa = PBXFileReference; lastKnownFileType = sourcecode.swift; path = AndroidTVPairing.swift; sourceTree = "<group>"; };
		CBE6BF9D4B5E078FAD20F86F /* ModeIndicator.swift */ = {isa = PBXFileReference; lastKnownFileType = sourcecode.swift; path = ModeIndicator.swift; sourceTree = "<group>"; };
		CDE9102019509B6E55C3D895 /* DeviceCard.swift */ = {isa = PBXFileReference; lastKnownFileType = sourcecode.swift; path = DeviceCard.swift; sourceTree = "<group>"; };
		CE960B4B80C313E49C366DA5 /* TVDeviceTests.swift */ = {isa = PBXFileReference; lastKnownFileType = sourcecode.swift; path = TVDeviceTests.swift; sourceTree = "<group>"; };
		DC847D37FFF88B0210FE0E13 /* ZapperTests.swift */ = {isa = PBXFileReference; lastKnownFileType = sourcecode.swift; path = ZapperTests.swift; sourceTree = "<group>"; };
		DDA1F1465FFF68FF6FAD405C /* AndroidTVMessageHandlerTests.swift */ = {isa = PBXFileReference; lastKnownFileType = sourcecode.swift; path = AndroidTVMessageHandlerTests.swift; sourceTree = "<group>"; };
		F055B97804A2E6E790963B15 /* KeychainService.swift */ = {isa = PBXFileReference; lastKnownFileType = sourcecode.swift; path = KeychainService.swift; sourceTree = "<group>"; };
		F121769F1652DB6385EFE3FC /* GlassModifiers.swift */ = {isa = PBXFileReference; lastKnownFileType = sourcecode.swift; path = GlassModifiers.swift; sourceTree = "<group>"; };
		F1A79690D2B92CD9A8081152 /* NavigationModeView.swift */ = {isa = PBXFileReference; lastKnownFileType = sourcecode.swift; path = NavigationModeView.swift; sourceTree = "<group>"; };
		F2A8BDFF42E80EED33112B2C /* TVState.swift */ = {isa = PBXFileReference; lastKnownFileType = sourcecode.swift; path = TVState.swift; sourceTree = "<group>"; };
		F6100DA4D61043C5E36A372A /* TVCommand.swift */ = {isa = PBXFileReference; lastKnownFileType = sourcecode.swift; path = TVCommand.swift; sourceTree = "<group>"; };
		FD4316FA85CF813B7626401E /* AndroidTVDriver.swift */ = {isa = PBXFileReference; lastKnownFileType = sourcecode.swift; path = AndroidTVDriver.swift; sourceTree = "<group>"; };
/* End PBXFileReference section */

/* Begin PBXFrameworksBuildPhase section */
		F98121C470BC2EA1D1E32DD4 /* Frameworks */ = {
			isa = PBXFrameworksBuildPhase;
			buildActionMask = 2147483647;
			files = (
				6CBD8212EDCEFA8EB4392324 /* SwiftProtobuf in Frameworks */,
			);
			runOnlyForDeploymentPostprocessing = 0;
		};
/* End PBXFrameworksBuildPhase section */

/* Begin PBXGroup section */
		0E4D63333A57D759A1773432 /* Services */ = {
			isa = PBXGroup;
			children = (
				0B430D431FD8CE6859C3C1EA /* ConnectionManagerTests.swift */,
				3461B3C21570DD68D7E919F1 /* DiscoveryServiceTests.swift */,
				1AE0DCC14DF48200A1C27AFE /* KeychainServiceTests.swift */,
				F369E3AD92B7A4BC673DCB8F /* AndroidTV */,
			);
			path = Services;
			sourceTree = "<group>";
		};
		1480AA9FA97AB7FB94FC5937 /* Modifiers */ = {
			isa = PBXGroup;
			children = (
				F121769F1652DB6385EFE3FC /* GlassModifiers.swift */,
			);
			path = Modifiers;
			sourceTree = "<group>";
		};
		2917B146C7EFECAAF1C8471F /* Drivers */ = {
			isa = PBXGroup;
			children = (
				461DF298F21EFFA84F17319F /* AndroidTV */,
			);
			path = Drivers;
			sourceTree = "<group>";
		};
		36BA2A5B09EF0A5EBC7520CB /* Features */ = {
			isa = PBXGroup;
			children = (
				112F95697F00099C5DFD19EA /* DiscoveryViewModelTests.swift */,
				B7AC9E2038773B10BA124481 /* RemoteViewModelTests.swift */,
			);
			path = Features;
			sourceTree = "<group>";
		};
		461DF298F21EFFA84F17319F /* AndroidTV */ = {
			isa = PBXGroup;
			children = (
				249EBA9F82160F528E3F48E6 /* AndroidTVConnection.swift */,
				FD4316FA85CF813B7626401E /* AndroidTVDriver.swift */,
				4103B5B05452CE49DABE1F97 /* AndroidTVMessageHandler.swift */,
				CA8A3EA9C364B296621E3A55 /* AndroidTVPairing.swift */,
				BDB0097CC8AF4223385C0E37 /* Proto */,
			);
			path = AndroidTV;
			sourceTree = "<group>";
		};
		4856097ECF80A6852569253A /* Services */ = {
			isa = PBXGroup;
			children = (
				CC9FCA529896032D9FD4319D /* Connection */,
				8FC1CDD900D8AA15FFDBFDE3 /* Discovery */,
				2917B146C7EFECAAF1C8471F /* Drivers */,
				E645D1301EAE72765390278E /* Protocol */,
			);
			path = Services;
			sourceTree = "<group>";
		};
		48EA202BEDCC1E177BB0B072 /* Haptics */ = {
			isa = PBXGroup;
			children = (
				B70FC4905615A8F3BBF63CD7 /* HapticEngine.swift */,
			);
			path = Haptics;
			sourceTree = "<group>";
		};
		5F31A9BE422A10519F7E96A5 /* Products */ = {
			isa = PBXGroup;
			children = (
				0A2FF1FA10733CA4F2A7E67A /* Zapper.app */,
				67C913C7EA4F871D04CD09D4 /* ZapperTests.xctest */,
			);
			name = Products;
			sourceTree = "<group>";
		};
		646ABA0927A478885D4B8063 /* ZapperTests */ = {
			isa = PBXGroup;
			children = (
				DC847D37FFF88B0210FE0E13 /* ZapperTests.swift */,
				36BA2A5B09EF0A5EBC7520CB /* Features */,
				C12CC574137275D9968E9AE8 /* Models */,
				0E4D63333A57D759A1773432 /* Services */,
			);
			path = ZapperTests;
			sourceTree = "<group>";
		};
		671A9ED935C37A10A18FD4A3 /* App */ = {
			isa = PBXGroup;
			children = (
				C1CC0124C37C8E328C4FA696 /* AppState.swift */,
				8A1C5EA963BF5CB1E22EADA2 /* DependencyContainer.swift */,
			);
			path = App;
			sourceTree = "<group>";
		};
		74677E6CA08218901ABF2BF9 = {
			isa = PBXGroup;
			children = (
				E4C5BD0BEB10EBE48059B051 /* Zapper */,
				646ABA0927A478885D4B8063 /* ZapperTests */,
				5F31A9BE422A10519F7E96A5 /* Products */,
			);
			sourceTree = "<group>";
		};
		82BFFC097DF36890385915A6 /* Theme */ = {
			isa = PBXGroup;
			children = (
				90E7FC598D93864C8C22EE85 /* ZapperTheme.swift */,
			);
			path = Theme;
			sourceTree = "<group>";
		};
		8F59418B5866B975A8777B8D /* Models */ = {
			isa = PBXGroup;
			children = (
				2801E2C13CDDE235F8F45A36 /* MediaInfo.swift */,
				3725BD8516863CCFBD3B8410 /* TVApp.swift */,
				F6100DA4D61043C5E36A372A /* TVCommand.swift */,
				6C564196DB8B99B694E98C5D /* TVDevice.swift */,
				F2A8BDFF42E80EED33112B2C /* TVState.swift */,
			);
			path = Models;
			sourceTree = "<group>";
		};
		8FC1CDD900D8AA15FFDBFDE3 /* Discovery */ = {
			isa = PBXGroup;
			children = (
				39F5B148824CF8EA1D926A2F /* DiscoveryService.swift */,
			);
			path = Discovery;
			sourceTree = "<group>";
		};
		ABD7EF672C607568AB76A6B5 /* Common */ = {
			isa = PBXGroup;
			children = (
				F960B629F20C50B2AF54329E /* Components */,
				48EA202BEDCC1E177BB0B072 /* Haptics */,
				1480AA9FA97AB7FB94FC5937 /* Modifiers */,
				82BFFC097DF36890385915A6 /* Theme */,
			);
			path = Common;
			sourceTree = "<group>";
		};
		BDB0097CC8AF4223385C0E37 /* Proto */ = {
			isa = PBXGroup;
			children = (
				758D5C2A1B120202C7D6EECA /* RemoteMessages.swift */,
			);
			path = Proto;
			sourceTree = "<group>";
		};
		C12CC574137275D9968E9AE8 /* Models */ = {
			isa = PBXGroup;
			children = (
				8AEB71120CA2FDBAAC10D763 /* TVCommandTests.swift */,
				CE960B4B80C313E49C366DA5 /* TVDeviceTests.swift */,
				35B0E2B058BD673B60D4CE15 /* TVStateTests.swift */,
			);
			path = Models;
			sourceTree = "<group>";
		};
		CC9FCA529896032D9FD4319D /* Connection */ = {
			isa = PBXGroup;
			children = (
				C5977752A74D3BAC9419D203 /* ConnectionManager.swift */,
				F055B97804A2E6E790963B15 /* KeychainService.swift */,
			);
			path = Connection;
			sourceTree = "<group>";
		};
		D1C33E351ACBBE9A08D2ECD8 /* Discovery */ = {
			isa = PBXGroup;
			children = (
				77BC8D28A1F6FEB3C56391D2 /* DiscoveryView.swift */,
				60717935DB796EEDD1C70FEA /* DiscoveryViewModel.swift */,
				58B4EFE9A7DF921F8BA40127 /* PairingView.swift */,
			);
			path = Discovery;
			sourceTree = "<group>";
		};
		D403732A43E5B80C7A485FB0 /* Remote */ = {
			isa = PBXGroup;
			children = (
				3457CD690FF275A015A547A2 /* AppLauncherView.swift */,
				2B5D6A9DE88E859425278CE7 /* KeyboardModeView.swift */,
				A3536A01E7995EB25649F368 /* MediaModeView.swift */,
				F1A79690D2B92CD9A8081152 /* NavigationModeView.swift */,
				BE82D242986CD94E1D58A7B5 /* RemoteView.swift */,
				0D4FEE7A32DA11AE61A5C684 /* RemoteViewModel.swift */,
			);
			path = Remote;
			sourceTree = "<group>";
		};
		D45545CC7B53CC0FF361F0D1 /* Settings */ = {
			isa = PBXGroup;
			children = (
				3B285B570CD7D32FA7B43886 /* DeviceManagerView.swift */,
			);
			path = Settings;
			sourceTree = "<group>";
		};
		DA605F2CA971EC58C060AA8B /* Features */ = {
			isa = PBXGroup;
			children = (
				D1C33E351ACBBE9A08D2ECD8 /* Discovery */,
				D403732A43E5B80C7A485FB0 /* Remote */,
				D45545CC7B53CC0FF361F0D1 /* Settings */,
			);
			path = Features;
			sourceTree = "<group>";
		};
		E4C5BD0BEB10EBE48059B051 /* Zapper */ = {
			isa = PBXGroup;
			children = (
				7C97699D6E443850529DE24A /* Assets.xcassets */,
				A3A0EE33057F61A57F2EC35A /* Info.plist */,
				A9644C3F0202F243EEE30CE0 /* ZapperApp.swift */,
				671A9ED935C37A10A18FD4A3 /* App */,
				ABD7EF672C607568AB76A6B5 /* Common */,
				DA605F2CA971EC58C060AA8B /* Features */,
				8F59418B5866B975A8777B8D /* Models */,
				FF07096F83171755EDEBE2ED /* Navigation */,
				4856097ECF80A6852569253A /* Services */,
			);
			path = Zapper;
			sourceTree = "<group>";
		};
		E645D1301EAE72765390278E /* Protocol */ = {
			isa = PBXGroup;
			children = (
				60AB6CC9B043D0EF8D5278E4 /* TVProtocol.swift */,
			);
			path = Protocol;
			sourceTree = "<group>";
		};
		F369E3AD92B7A4BC673DCB8F /* AndroidTV */ = {
			isa = PBXGroup;
			children = (
				19DF04E9EC0211CA8F4FC2D0 /* AndroidTVDriverTests.swift */,
				DDA1F1465FFF68FF6FAD405C /* AndroidTVMessageHandlerTests.swift */,
			);
			path = AndroidTV;
			sourceTree = "<group>";
		};
		F960B629F20C50B2AF54329E /* Components */ = {
			isa = PBXGroup;
			children = (
				BB85CEB8D17D94352822567B /* BottomNavBar.swift */,
				CDE9102019509B6E55C3D895 /* DeviceCard.swift */,
				CBE6BF9D4B5E078FAD20F86F /* ModeIndicator.swift */,
				3F9B7C5EC1D9A23E83BDEAE5 /* TouchpadView.swift */,
				B3CCA1FE458E6D42921B8194 /* VolumeSlider.swift */,
			);
			path = Components;
			sourceTree = "<group>";
		};
		FF07096F83171755EDEBE2ED /* Navigation */ = {
			isa = PBXGroup;
			children = (
				48C629E2DFDF3D29E7AC34E9 /* AppRouter.swift */,
			);
			path = Navigation;
			sourceTree = "<group>";
		};
/* End PBXGroup section */

/* Begin PBXNativeTarget section */
		8598B8332976C9A9CD8D0DF9 /* Zapper */ = {
			isa = PBXNativeTarget;
			buildConfigurationList = DF3D52909834F98C918E5D64 /* Build configuration list for PBXNativeTarget "Zapper" */;
			buildPhases = (
				2ED9C0F8D8F84CC1A44A9FBF /* Sources */,
				08349CDF2297A062B74E6414 /* Resources */,
				F98121C470BC2EA1D1E32DD4 /* Frameworks */,
			);
			buildRules = (
			);
			dependencies = (
			);
			name = Zapper;
			packageProductDependencies = (
				CBBBB460ECB42CBAFE3FF02D /* SwiftProtobuf */,
			);
			productName = Zapper;
			productReference = 0A2FF1FA10733CA4F2A7E67A /* Zapper.app */;
			productType = "com.apple.product-type.application";
		};
		EFF38C0A319002739DF44BB0 /* ZapperTests */ = {
			isa = PBXNativeTarget;
			buildConfigurationList = 4D265A99E7CCA8F4AC4D0386 /* Build configuration list for PBXNativeTarget "ZapperTests" */;
			buildPhases = (
				B14E254AB3A7289C77DC7746 /* Sources */,
			);
			buildRules = (
			);
			dependencies = (
				4EA58439F1203EE84468D1AA /* PBXTargetDependency */,
			);
			name = ZapperTests;
			packageProductDependencies = (
			);
			productName = ZapperTests;
			productReference = 67C913C7EA4F871D04CD09D4 /* ZapperTests.xctest */;
			productType = "com.apple.product-type.bundle.unit-test";
		};
/* End PBXNativeTarget section */

/* Begin PBXProject section */
		96AFB009F1E8D868AB46D460 /* Project object */ = {
			isa = PBXProject;
			attributes = {
				BuildIndependentTargetsInParallel = YES;
				LastUpgradeCheck = 1430;
			};
			buildConfigurationList = 86B2B7055F639B678F17FCB9 /* Build configuration list for PBXProject "Zapper" */;
			compatibilityVersion = "Xcode 14.0";
			developmentRegion = en;
			hasScannedForEncodings = 0;
			knownRegions = (
				Base,
				en,
			);
			mainGroup = 74677E6CA08218901ABF2BF9;
			minimizedProjectReferenceProxies = 1;
			packageReferences = (
				BDEA8AE2240EB65317FFC440 /* XCRemoteSwiftPackageReference "swift-protobuf" */,
			);
			preferredProjectObjectVersion = 77;
			projectDirPath = "";
			projectRoot = "";
			targets = (
				8598B8332976C9A9CD8D0DF9 /* Zapper */,
				EFF38C0A319002739DF44BB0 /* ZapperTests */,
			);
		};
/* End PBXProject section */

/* Begin PBXResourcesBuildPhase section */
		08349CDF2297A062B74E6414 /* Resources */ = {
			isa = PBXResourcesBuildPhase;
			buildActionMask = 2147483647;
			files = (
				AC093E9178A94386E6C3A0EA /* Assets.xcassets in Resources */,
			);
			runOnlyForDeploymentPostprocessing = 0;
		};
/* End PBXResourcesBuildPhase section */

/* Begin PBXSourcesBuildPhase section */
		2ED9C0F8D8F84CC1A44A9FBF /* Sources */ = {
			isa = PBXSourcesBuildPhase;
			buildActionMask = 2147483647;
			files = (
				84EE7FE2F336CE2A452B6FEE /* AndroidTVConnection.swift in Sources */,
				5F94AE5DD74B720275F29801 /* AndroidTVDriver.swift in Sources */,
				40BB35F1935A8C786F7B336C /* AndroidTVMessageHandler.swift in Sources */,
				66D187207ACDCC84A4A37635 /* AndroidTVPairing.swift in Sources */,
				D12B253F8237BD76D099F134 /* AppLauncherView.swift in Sources */,
				440259390B93D5B052978A18 /* AppRouter.swift in Sources */,
				A583FEE63BFE6C3D732FF395 /* AppState.swift in Sources */,
				3C2442726A6DA580078AA13E /* BottomNavBar.swift in Sources */,
				CFF562BC38598C1AE6E121AD /* ConnectionManager.swift in Sources */,
				E2D12A8F9FB05C5703E3748F /* DependencyContainer.swift in Sources */,
				EDE78F986C67A390D05BE9A7 /* DeviceCard.swift in Sources */,
				B63F5233ED44FF392CAB0143 /* DeviceManagerView.swift in Sources */,
				851A9BF69BDE0F57E199C527 /* DiscoveryService.swift in Sources */,
				BF6EF181326895607E419D89 /* DiscoveryView.swift in Sources */,
				E1EEEBF1A77C5ABD0B0235C4 /* DiscoveryViewModel.swift in Sources */,
				12820F47CB79012A3975623B /* GlassModifiers.swift in Sources */,
				529192083A12364ADDEF9093 /* HapticEngine.swift in Sources */,
				7DE04BF42D88A9EC130E4320 /* KeyboardModeView.swift in Sources */,
				5600386B1230AE0EBE1C8621 /* KeychainService.swift in Sources */,
				98A5003497D275C6EF1E9EE6 /* MediaInfo.swift in Sources */,
				58563F4EA9756ECEDA5C36CE /* MediaModeView.swift in Sources */,
				EA5A206373647C24D71CB2FC /* ModeIndicator.swift in Sources */,
				81C0D86F76F7EF177CFFE33B /* NavigationModeView.swift in Sources */,
				806693A45741690B81F4006A /* PairingView.swift in Sources */,
				38410B0B2C17A1250DCE1A4B /* RemoteMessages.swift in Sources */,
				8F5FDA7AE651D76D92F2002F /* RemoteView.swift in Sources */,
				BA145330660EDB7599BE1D26 /* RemoteViewModel.swift in Sources */,
				64C7163FA79337561EB640E4 /* TVApp.swift in Sources */,
				3A45094303790D7EE8436E7B /* TVCommand.swift in Sources */,
				B671FECC3E8CC3D9B84E560D /* TVDevice.swift in Sources */,
				50EB05037FBA1C79434079DC /* TVProtocol.swift in Sources */,
				7D6934A6C12B076621603213 /* TVState.swift in Sources */,
				491AD4FD09A5F3CE5794C702 /* TouchpadView.swift in Sources */,
				87B15C556DEEC19B62653335 /* VolumeSlider.swift in Sources */,
				C44FEA2770ECFC1FB8D0F771 /* ZapperApp.swift in Sources */,
				A651FCB5788C6EC2CBA25EDE /* ZapperTheme.swift in Sources */,
			);
			runOnlyForDeploymentPostprocessing = 0;
		};
		B14E254AB3A7289C77DC7746 /* Sources */ = {
			isa = PBXSourcesBuildPhase;
			buildActionMask = 2147483647;
			files = (
				9555A074B4854C9653738E9D /* AndroidTVDriverTests.swift in Sources */,
				86CAC0017F1FB694B731C0C6 /* AndroidTVMessageHandlerTests.swift in Sources */,
				EDF4F5E93F2EF9D2E4B665AF /* ConnectionManagerTests.swift in Sources */,
				2817C0CCE6EF55980D7E210E /* DiscoveryServiceTests.swift in Sources */,
				A3E0EC2A500C31877DC983C6 /* DiscoveryViewModelTests.swift in Sources */,
				28557D6337D05266601ECD3C /* KeychainServiceTests.swift in Sources */,
				771374E96B4056F2B5955041 /* RemoteViewModelTests.swift in Sources */,
				58F9244BED29285B2A9B8D63 /* TVCommandTests.swift in Sources */,
				081DA67CFEDF4260B0C18434 /* TVDeviceTests.swift in Sources */,
				803F11FB615FFE43239FCA55 /* TVStateTests.swift in Sources */,
				EB0EBB7747B827055326BF28 /* ZapperTests.swift in Sources */,
			);
			runOnlyForDeploymentPostprocessing = 0;
		};
/* End PBXSourcesBuildPhase section */

/* Begin PBXTargetDependency section */
		4EA58439F1203EE84468D1AA /* PBXTargetDependency */ = {
			isa = PBXTargetDependency;
			target = 8598B8332976C9A9CD8D0DF9 /* Zapper */;
			targetProxy = 35C367987BD9354D6E7B70A4 /* PBXContainerItemProxy */;
		};
/* End PBXTargetDependency section */

/* Begin XCBuildConfiguration section */
		01EBA3A334701D564D91FE2C /* Debug */ = {
			isa = XCBuildConfiguration;
			buildSettings = {
				ALWAYS_SEARCH_USER_PATHS = NO;
				CLANG_ANALYZER_NONNULL = YES;
				CLANG_ANALYZER_NUMBER_OBJECT_CONVERSION = YES_AGGRESSIVE;
				CLANG_CXX_LANGUAGE_STANDARD = "gnu++14";
				CLANG_CXX_LIBRARY = "libc++";
				CLANG_ENABLE_MODULES = YES;
				CLANG_ENABLE_OBJC_ARC = YES;
				CLANG_ENABLE_OBJC_WEAK = YES;
				CLANG_WARN_BLOCK_CAPTURE_AUTORELEASING = YES;
				CLANG_WARN_BOOL_CONVERSION = YES;
				CLANG_WARN_COMMA = YES;
				CLANG_WARN_CONSTANT_CONVERSION = YES;
				CLANG_WARN_DEPRECATED_OBJC_IMPLEMENTATIONS = YES;
				CLANG_WARN_DIRECT_OBJC_ISA_USAGE = YES_ERROR;
				CLANG_WARN_DOCUMENTATION_COMMENTS = YES;
				CLANG_WARN_EMPTY_BODY = YES;
				CLANG_WARN_ENUM_CONVERSION = YES;
				CLANG_WARN_INFINITE_RECURSION = YES;
				CLANG_WARN_INT_CONVERSION = YES;
				CLANG_WARN_NON_LITERAL_NULL_CONVERSION = YES;
				CLANG_WARN_OBJC_IMPLICIT_RETAIN_SELF = YES;
				CLANG_WARN_OBJC_LITERAL_CONVERSION = YES;
				CLANG_WARN_OBJC_ROOT_CLASS = YES_ERROR;
				CLANG_WARN_QUOTED_INCLUDE_IN_FRAMEWORK_HEADER = YES;
				CLANG_WARN_RANGE_LOOP_ANALYSIS = YES;
				CLANG_WARN_STRICT_PROTOTYPES = YES;
				CLANG_WARN_SUSPICIOUS_MOVE = YES;
				CLANG_WARN_UNGUARDED_AVAILABILITY = YES_AGGRESSIVE;
				CLANG_WARN_UNREACHABLE_CODE = YES;
				CLANG_WARN__DUPLICATE_METHOD_MATCH = YES;
				COPY_PHASE_STRIP = NO;
				DEBUG_INFORMATION_FORMAT = dwarf;
				ENABLE_STRICT_OBJC_MSGSEND = YES;
				ENABLE_TESTABILITY = YES;
				GCC_C_LANGUAGE_STANDARD = gnu11;
				GCC_DYNAMIC_NO_PIC = NO;
				GCC_NO_COMMON_BLOCKS = YES;
				GCC_OPTIMIZATION_LEVEL = 0;
				GCC_PREPROCESSOR_DEFINITIONS = (
					"$(inherited)",
					"DEBUG=1",
				);
				GCC_WARN_64_TO_32_BIT_CONVERSION = YES;
				GCC_WARN_ABOUT_RETURN_TYPE = YES_ERROR;
				GCC_WARN_UNDECLARED_SELECTOR = YES;
				GCC_WARN_UNINITIALIZED_AUTOS = YES_AGGRESSIVE;
				GCC_WARN_UNUSED_FUNCTION = YES;
				GCC_WARN_UNUSED_VARIABLE = YES;
				IPHONEOS_DEPLOYMENT_TARGET = 17.0;
				MTL_ENABLE_DEBUG_INFO = INCLUDE_SOURCE;
				MTL_FAST_MATH = YES;
				ONLY_ACTIVE_ARCH = YES;
				PRODUCT_NAME = "$(TARGET_NAME)";
				SDKROOT = iphoneos;
				SWIFT_ACTIVE_COMPILATION_CONDITIONS = DEBUG;
				SWIFT_OPTIMIZATION_LEVEL = "-Onone";
				SWIFT_VERSION = 5.0;
			};
			name = Debug;
		};
		12118790C6FFFA06A6127EDA /* Release */ = {
			isa = XCBuildConfiguration;
			buildSettings = {
				ALWAYS_SEARCH_USER_PATHS = NO;
				CLANG_ANALYZER_NONNULL = YES;
				CLANG_ANALYZER_NUMBER_OBJECT_CONVERSION = YES_AGGRESSIVE;
				CLANG_CXX_LANGUAGE_STANDARD = "gnu++14";
				CLANG_CXX_LIBRARY = "libc++";
				CLANG_ENABLE_MODULES = YES;
				CLANG_ENABLE_OBJC_ARC = YES;
				CLANG_ENABLE_OBJC_WEAK = YES;
				CLANG_WARN_BLOCK_CAPTURE_AUTORELEASING = YES;
				CLANG_WARN_BOOL_CONVERSION = YES;
				CLANG_WARN_COMMA = YES;
				CLANG_WARN_CONSTANT_CONVERSION = YES;
				CLANG_WARN_DEPRECATED_OBJC_IMPLEMENTATIONS = YES;
				CLANG_WARN_DIRECT_OBJC_ISA_USAGE = YES_ERROR;
				CLANG_WARN_DOCUMENTATION_COMMENTS = YES;
				CLANG_WARN_EMPTY_BODY = YES;
				CLANG_WARN_ENUM_CONVERSION = YES;
				CLANG_WARN_INFINITE_RECURSION = YES;
				CLANG_WARN_INT_CONVERSION = YES;
				CLANG_WARN_NON_LITERAL_NULL_CONVERSION = YES;
				CLANG_WARN_OBJC_IMPLICIT_RETAIN_SELF = YES;
				CLANG_WARN_OBJC_LITERAL_CONVERSION = YES;
				CLANG_WARN_OBJC_ROOT_CLASS = YES_ERROR;
				CLANG_WARN_QUOTED_INCLUDE_IN_FRAMEWORK_HEADER = YES;
				CLANG_WARN_RANGE_LOOP_ANALYSIS = YES;
				CLANG_WARN_STRICT_PROTOTYPES = YES;
				CLANG_WARN_SUSPICIOUS_MOVE = YES;
				CLANG_WARN_UNGUARDED_AVAILABILITY = YES_AGGRESSIVE;
				CLANG_WARN_UNREACHABLE_CODE = YES;
				CLANG_WARN__DUPLICATE_METHOD_MATCH = YES;
				COPY_PHASE_STRIP = NO;
				DEBUG_INFORMATION_FORMAT = "dwarf-with-dsym";
				ENABLE_NS_ASSERTIONS = NO;
				ENABLE_STRICT_OBJC_MSGSEND = YES;
				GCC_C_LANGUAGE_STANDARD = gnu11;
				GCC_NO_COMMON_BLOCKS = YES;
				GCC_WARN_64_TO_32_BIT_CONVERSION = YES;
				GCC_WARN_ABOUT_RETURN_TYPE = YES_ERROR;
				GCC_WARN_UNDECLARED_SELECTOR = YES;
				GCC_WARN_UNINITIALIZED_AUTOS = YES_AGGRESSIVE;
				GCC_WARN_UNUSED_FUNCTION = YES;
				GCC_WARN_UNUSED_VARIABLE = YES;
				IPHONEOS_DEPLOYMENT_TARGET = 17.0;
				MTL_ENABLE_DEBUG_INFO = NO;
				MTL_FAST_MATH = YES;
				PRODUCT_NAME = "$(TARGET_NAME)";
				SDKROOT = iphoneos;
				SWIFT_COMPILATION_MODE = wholemodule;
				SWIFT_OPTIMIZATION_LEVEL = "-O";
				SWIFT_VERSION = 5.0;
			};
			name = Release;
		};
		12238360A153CF6975BFBBF7 /* Release */ = {
			isa = XCBuildConfiguration;
			buildSettings = {
				ASSETCATALOG_COMPILER_APPICON_NAME = AppIcon;
				CODE_SIGN_IDENTITY = "iPhone Developer";
				INFOPLIST_FILE = Zapper/Info.plist;
				IPHONEOS_DEPLOYMENT_TARGET = 17.0;
				LD_RUNPATH_SEARCH_PATHS = (
					"$(inherited)",
					"@executable_path/Frameworks",
				);
				PRODUCT_BUNDLE_IDENTIFIER = com.zapper.remote;
				SDKROOT = iphoneos;
				SWIFT_VERSION = 6.0;
				TARGETED_DEVICE_FAMILY = "1,2";
			};
			name = Release;
		};
		6281AE97F633D82FD1B290A2 /* Debug */ = {
			isa = XCBuildConfiguration;
			buildSettings = {
				BUNDLE_LOADER = "$(TEST_HOST)";
				IPHONEOS_DEPLOYMENT_TARGET = 17.0;
				LD_RUNPATH_SEARCH_PATHS = (
					"$(inherited)",
					"@executable_path/Frameworks",
					"@loader_path/Frameworks",
				);
				PRODUCT_BUNDLE_IDENTIFIER = com.zapper.ZapperTests;
				SDKROOT = iphoneos;
				SWIFT_VERSION = 6.0;
				TARGETED_DEVICE_FAMILY = "1,2";
				TEST_HOST = "$(BUILT_PRODUCTS_DIR)/Zapper.app/Zapper";
			};
			name = Debug;
		};
		736EB89F1DA6DEC069D5BBCC /* Release */ = {
			isa = XCBuildConfiguration;
			buildSettings = {
				BUNDLE_LOADER = "$(TEST_HOST)";
				IPHONEOS_DEPLOYMENT_TARGET = 17.0;
				LD_RUNPATH_SEARCH_PATHS = (
					"$(inherited)",
					"@executable_path/Frameworks",
					"@loader_path/Frameworks",
				);
				PRODUCT_BUNDLE_IDENTIFIER = com.zapper.ZapperTests;
				SDKROOT = iphoneos;
				SWIFT_VERSION = 6.0;
				TARGETED_DEVICE_FAMILY = "1,2";
				TEST_HOST = "$(BUILT_PRODUCTS_DIR)/Zapper.app/Zapper";
			};
			name = Release;
		};
		AB4480B4BE1BC4248ABBBDBB /* Debug */ = {
			isa = XCBuildConfiguration;
			buildSettings = {
				ASSETCATALOG_COMPILER_APPICON_NAME = AppIcon;
				CODE_SIGN_IDENTITY = "iPhone Developer";
				INFOPLIST_FILE = Zapper/Info.plist;
				IPHONEOS_DEPLOYMENT_TARGET = 17.0;
				LD_RUNPATH_SEARCH_PATHS = (
					"$(inherited)",
					"@executable_path/Frameworks",
				);
				PRODUCT_BUNDLE_IDENTIFIER = com.zapper.remote;
				SDKROOT = iphoneos;
				SWIFT_VERSION = 6.0;
				TARGETED_DEVICE_FAMILY = "1,2";
			};
			name = Debug;
		};
/* End XCBuildConfiguration section */

/* Begin XCConfigurationList section */
		4D265A99E7CCA8F4AC4D0386 /* Build configuration list for PBXNativeTarget "ZapperTests" */ = {
			isa = XCConfigurationList;
			buildConfigurations = (
				6281AE97F633D82FD1B290A2 /* Debug */,
				736EB89F1DA6DEC069D5BBCC /* Release */,
			);
			defaultConfigurationIsVisible = 0;
			defaultConfigurationName = Debug;
		};
		86B2B7055F639B678F17FCB9 /* Build configuration list for PBXProject "Zapper" */ = {
			isa = XCConfigurationList;
			buildConfigurations = (
				01EBA3A334701D564D91FE2C /* Debug */,
				12118790C6FFFA06A6127EDA /* Release */,
			);
			defaultConfigurationIsVisible = 0;
			defaultConfigurationName = Debug;
		};
		DF3D52909834F98C918E5D64 /* Build configuration list for PBXNativeTarget "Zapper" */ = {
			isa = XCConfigurationList;
			buildConfigurations = (
				AB4480B4BE1BC4248ABBBDBB /* Debug */,
				12238360A153CF6975BFBBF7 /* Release */,
			);
			defaultConfigurationIsVisible = 0;
			defaultConfigurationName = Debug;
		};
/* End XCConfigurationList section */

/* Begin XCRemoteSwiftPackageReference section */
		BDEA8AE2240EB65317FFC440 /* XCRemoteSwiftPackageReference "swift-protobuf" */ = {
			isa = XCRemoteSwiftPackageReference;
			repositoryURL = "https://github.com/apple/swift-protobuf.git";
			requirement = {
				kind = upToNextMajorVersion;
				minimumVersion = 1.28.0;
			};
		};
/* End XCRemoteSwiftPackageReference section */

/* Begin XCSwiftPackageProductDependency section */
		CBBBB460ECB42CBAFE3FF02D /* SwiftProtobuf */ = {
			isa = XCSwiftPackageProductDependency;
			package = BDEA8AE2240EB65317FFC440 /* XCRemoteSwiftPackageReference "swift-protobuf" */;
			productName = SwiftProtobuf;
		};
/* End XCSwiftPackageProductDependency section */
	};
	rootObject = 96AFB009F1E8D868AB46D460 /* Project object */;
}
